// !$*UTF8*$!
{
	archiveVersion = 1;
	classes = {
	};
	objectVersion = 46;
	objects = {

/* Begin PBXBuildFile section */
		7849640B1AFD3E5E00766ABD /* CreateUserViewController.swift in Sources */ = {isa = PBXBuildFile; fileRef = 7849640A1AFD3E5E00766ABD /* CreateUserViewController.swift */; };
		7849640D1AFD407000766ABD /* ConfigViewController.swift in Sources */ = {isa = PBXBuildFile; fileRef = 7849640C1AFD407000766ABD /* ConfigViewController.swift */; };
		78A6E9CF1AFD256C00C2EF4A /* ProductTableViewController.swift in Sources */ = {isa = PBXBuildFile; fileRef = 78A6E9CE1AFD256C00C2EF4A /* ProductTableViewController.swift */; };
		78CAB3121AFBE47200977AA5 /* MapViewController.swift in Sources */ = {isa = PBXBuildFile; fileRef = 78CAB3111AFBE47200977AA5 /* MapViewController.swift */; };
		B340D8D21AFC656E00B6C486 /* Bolts.framework in Frameworks */ = {isa = PBXBuildFile; fileRef = B340D8D11AFC656E00B6C486 /* Bolts.framework */; };
		B340D8D51AFC658800B6C486 /* ParseUI.framework in Frameworks */ = {isa = PBXBuildFile; fileRef = B340D8D31AFC658800B6C486 /* ParseUI.framework */; };
		B340D8D61AFC658800B6C486 /* Parse.framework in Frameworks */ = {isa = PBXBuildFile; fileRef = B340D8D41AFC658800B6C486 /* Parse.framework */; };
		B39899AD1AFBF21D00C6016F /* ParseCrashReporting.framework in Frameworks */ = {isa = PBXBuildFile; fileRef = B39899A71AFBF21D00C6016F /* ParseCrashReporting.framework */; };
		B39899AE1AFBF21D00C6016F /* ParseFacebookUtils.framework in Frameworks */ = {isa = PBXBuildFile; fileRef = B39899A81AFBF21D00C6016F /* ParseFacebookUtils.framework */; };
		B39899AF1AFBF21D00C6016F /* ParseFacebookUtilsV4.framework in Frameworks */ = {isa = PBXBuildFile; fileRef = B39899A91AFBF21D00C6016F /* ParseFacebookUtilsV4.framework */; };
		B39899B71AFBFAA800C6016F /* AudioToolbox.framework in Frameworks */ = {isa = PBXBuildFile; fileRef = B39899B21AFBFAA800C6016F /* AudioToolbox.framework */; };
		B39899B81AFBFAA800C6016F /* CFNetwork.framework in Frameworks */ = {isa = PBXBuildFile; fileRef = B39899B31AFBFAA800C6016F /* CFNetwork.framework */; };
		B39899B91AFBFAA800C6016F /* CoreGraphics.framework in Frameworks */ = {isa = PBXBuildFile; fileRef = B39899B41AFBFAA800C6016F /* CoreGraphics.framework */; };
		B39899BA1AFBFAA800C6016F /* CoreLocation.framework in Frameworks */ = {isa = PBXBuildFile; fileRef = B39899B51AFBFAA800C6016F /* CoreLocation.framework */; };
		B39899BB1AFBFAA800C6016F /* libz.dylib in Frameworks */ = {isa = PBXBuildFile; fileRef = B39899B61AFBFAA800C6016F /* libz.dylib */; };
		B39899C11AFBFAD500C6016F /* MobileCoreServices.framework in Frameworks */ = {isa = PBXBuildFile; fileRef = B39899BC1AFBFAD500C6016F /* MobileCoreServices.framework */; };
		B39899C21AFBFAD500C6016F /* QuartzCore.framework in Frameworks */ = {isa = PBXBuildFile; fileRef = B39899BD1AFBFAD500C6016F /* QuartzCore.framework */; };
		B39899C31AFBFAD500C6016F /* Security.framework in Frameworks */ = {isa = PBXBuildFile; fileRef = B39899BE1AFBFAD500C6016F /* Security.framework */; };
		B39899C41AFBFAD500C6016F /* StoreKit.framework in Frameworks */ = {isa = PBXBuildFile; fileRef = B39899BF1AFBFAD500C6016F /* StoreKit.framework */; };
		B39899C51AFBFAD500C6016F /* SystemConfiguration.framework in Frameworks */ = {isa = PBXBuildFile; fileRef = B39899C01AFBFAD500C6016F /* SystemConfiguration.framework */; };
		B39899C71AFBFB4100C6016F /* Accounts.framework in Frameworks */ = {isa = PBXBuildFile; fileRef = B39899C61AFBFB4100C6016F /* Accounts.framework */; };
		B39899C91AFBFB5C00C6016F /* Social.framework in Frameworks */ = {isa = PBXBuildFile; fileRef = B39899C81AFBFB5C00C6016F /* Social.framework */; };
		B39899CB1AFBFB8800C6016F /* libsqlite3.dylib in Frameworks */ = {isa = PBXBuildFile; fileRef = B39899CA1AFBFB8800C6016F /* libsqlite3.dylib */; };
		B3A4DACE1AFBD0760048A6FE /* AppDelegate.swift in Sources */ = {isa = PBXBuildFile; fileRef = B3A4DACD1AFBD0760048A6FE /* AppDelegate.swift */; };
		B3A4DAD01AFBD0760048A6FE /* ViewController.swift in Sources */ = {isa = PBXBuildFile; fileRef = B3A4DACF1AFBD0760048A6FE /* ViewController.swift */; };
		B3A4DAD51AFBD0760048A6FE /* Images.xcassets in Resources */ = {isa = PBXBuildFile; fileRef = B3A4DAD41AFBD0760048A6FE /* Images.xcassets */; };
		B3A4DAD81AFBD0760048A6FE /* LaunchScreen.xib in Resources */ = {isa = PBXBuildFile; fileRef = B3A4DAD61AFBD0760048A6FE /* LaunchScreen.xib */; };
		B3A4DAE41AFBD0760048A6FE /* iReserveTests.swift in Sources */ = {isa = PBXBuildFile; fileRef = B3A4DAE31AFBD0760048A6FE /* iReserveTests.swift */; };
		B3E780331B0295C3001495BE /* Main.storyboard in Resources */ = {isa = PBXBuildFile; fileRef = B3E780321B0295C3001495BE /* Main.storyboard */; };
		C274C5721B0D3D560088219A /* InterfaceController.swift in Sources */ = {isa = PBXBuildFile; fileRef = C274C5711B0D3D560088219A /* InterfaceController.swift */; };
		C274C5741B0D3D560088219A /* NotificationController.swift in Sources */ = {isa = PBXBuildFile; fileRef = C274C5731B0D3D560088219A /* NotificationController.swift */; };
		C274C5761B0D3D560088219A /* GlanceController.swift in Sources */ = {isa = PBXBuildFile; fileRef = C274C5751B0D3D560088219A /* GlanceController.swift */; };
		C274C5781B0D3D560088219A /* Images.xcassets in Resources */ = {isa = PBXBuildFile; fileRef = C274C5771B0D3D560088219A /* Images.xcassets */; };
		C274C57C1B0D3D560088219A /* iReserve WatchKit App.app in Resources */ = {isa = PBXBuildFile; fileRef = C274C57B1B0D3D560088219A /* iReserve WatchKit App.app */; };
		C274C5841B0D3D560088219A /* Interface.storyboard in Resources */ = {isa = PBXBuildFile; fileRef = C274C5821B0D3D560088219A /* Interface.storyboard */; };
		C274C5861B0D3D560088219A /* Images.xcassets in Resources */ = {isa = PBXBuildFile; fileRef = C274C5851B0D3D560088219A /* Images.xcassets */; };
		C274C5891B0D3D560088219A /* iReserve WatchKit Extension.appex in Embed App Extensions */ = {isa = PBXBuildFile; fileRef = C274C56C1B0D3D560088219A /* iReserve WatchKit Extension.appex */; settings = {ATTRIBUTES = (RemoveHeadersOnCopy, ); }; };
		C274C5F01B12483C0088219A /* ReservaRowViewController.swift in Sources */ = {isa = PBXBuildFile; fileRef = C274C5EF1B12483C0088219A /* ReservaRowViewController.swift */; };
		C274C5F11B12494B0088219A /* ReservaRowViewController.swift in Sources */ = {isa = PBXBuildFile; fileRef = C274C5EF1B12483C0088219A /* ReservaRowViewController.swift */; };
		C29C78581AFFC858006E0CE5 /* ProductViewCell.swift in Sources */ = {isa = PBXBuildFile; fileRef = C29C78571AFFC858006E0CE5 /* ProductViewCell.swift */; };
/* End PBXBuildFile section */

/* Begin PBXContainerItemProxy section */
		B3A4DADE1AFBD0760048A6FE /* PBXContainerItemProxy */ = {
			isa = PBXContainerItemProxy;
			containerPortal = B3A4DAC01AFBD0760048A6FE /* Project object */;
			proxyType = 1;
			remoteGlobalIDString = B3A4DAC71AFBD0760048A6FE;
			remoteInfo = iReserve;
		};
		C274C57D1B0D3D560088219A /* PBXContainerItemProxy */ = {
			isa = PBXContainerItemProxy;
			containerPortal = B3A4DAC01AFBD0760048A6FE /* Project object */;
			proxyType = 1;
			remoteGlobalIDString = C274C57A1B0D3D560088219A;
			remoteInfo = "iReserve WatchKit App";
		};
		C274C5871B0D3D560088219A /* PBXContainerItemProxy */ = {
			isa = PBXContainerItemProxy;
			containerPortal = B3A4DAC01AFBD0760048A6FE /* Project object */;
			proxyType = 1;
			remoteGlobalIDString = C274C56B1B0D3D560088219A;
			remoteInfo = "iReserve WatchKit Extension";
		};
/* End PBXContainerItemProxy section */

/* Begin PBXCopyFilesBuildPhase section */
		C274C5901B0D3D570088219A /* Embed App Extensions */ = {
			isa = PBXCopyFilesBuildPhase;
			buildActionMask = 2147483647;
			dstPath = "";
			dstSubfolderSpec = 13;
			files = (
				C274C5891B0D3D560088219A /* iReserve WatchKit Extension.appex in Embed App Extensions */,
			);
			name = "Embed App Extensions";
			runOnlyForDeploymentPostprocessing = 0;
		};
/* End PBXCopyFilesBuildPhase section */

/* Begin PBXFileReference section */
		7849640A1AFD3E5E00766ABD /* CreateUserViewController.swift */ = {isa = PBXFileReference; fileEncoding = 4; lastKnownFileType = sourcecode.swift; path = CreateUserViewController.swift; sourceTree = "<group>"; };
		7849640C1AFD407000766ABD /* ConfigViewController.swift */ = {isa = PBXFileReference; fileEncoding = 4; lastKnownFileType = sourcecode.swift; path = ConfigViewController.swift; sourceTree = "<group>"; };
		78A6E9CE1AFD256C00C2EF4A /* ProductTableViewController.swift */ = {isa = PBXFileReference; fileEncoding = 4; lastKnownFileType = sourcecode.swift; path = ProductTableViewController.swift; sourceTree = "<group>"; };
		78CAB3111AFBE47200977AA5 /* MapViewController.swift */ = {isa = PBXFileReference; fileEncoding = 4; lastKnownFileType = sourcecode.swift; path = MapViewController.swift; sourceTree = "<group>"; };
		B340D8D11AFC656E00B6C486 /* Bolts.framework */ = {isa = PBXFileReference; lastKnownFileType = wrapper.framework; path = Bolts.framework; sourceTree = "<group>"; };
		B340D8D31AFC658800B6C486 /* ParseUI.framework */ = {isa = PBXFileReference; lastKnownFileType = wrapper.framework; path = ParseUI.framework; sourceTree = "<group>"; };
		B340D8D41AFC658800B6C486 /* Parse.framework */ = {isa = PBXFileReference; lastKnownFileType = wrapper.framework; path = Parse.framework; sourceTree = "<group>"; };
		B39899A71AFBF21D00C6016F /* ParseCrashReporting.framework */ = {isa = PBXFileReference; lastKnownFileType = wrapper.framework; path = ParseCrashReporting.framework; sourceTree = "<group>"; };
		B39899A81AFBF21D00C6016F /* ParseFacebookUtils.framework */ = {isa = PBXFileReference; lastKnownFileType = wrapper.framework; path = ParseFacebookUtils.framework; sourceTree = "<group>"; };
		B39899A91AFBF21D00C6016F /* ParseFacebookUtilsV4.framework */ = {isa = PBXFileReference; lastKnownFileType = wrapper.framework; path = ParseFacebookUtilsV4.framework; sourceTree = "<group>"; };
		B39899B21AFBFAA800C6016F /* AudioToolbox.framework */ = {isa = PBXFileReference; lastKnownFileType = wrapper.framework; name = AudioToolbox.framework; path = System/Library/Frameworks/AudioToolbox.framework; sourceTree = SDKROOT; };
		B39899B31AFBFAA800C6016F /* CFNetwork.framework */ = {isa = PBXFileReference; lastKnownFileType = wrapper.framework; name = CFNetwork.framework; path = System/Library/Frameworks/CFNetwork.framework; sourceTree = SDKROOT; };
		B39899B41AFBFAA800C6016F /* CoreGraphics.framework */ = {isa = PBXFileReference; lastKnownFileType = wrapper.framework; name = CoreGraphics.framework; path = System/Library/Frameworks/CoreGraphics.framework; sourceTree = SDKROOT; };
		B39899B51AFBFAA800C6016F /* CoreLocation.framework */ = {isa = PBXFileReference; lastKnownFileType = wrapper.framework; name = CoreLocation.framework; path = System/Library/Frameworks/CoreLocation.framework; sourceTree = SDKROOT; };
		B39899B61AFBFAA800C6016F /* libz.dylib */ = {isa = PBXFileReference; lastKnownFileType = "compiled.mach-o.dylib"; name = libz.dylib; path = usr/lib/libz.dylib; sourceTree = SDKROOT; };
		B39899BC1AFBFAD500C6016F /* MobileCoreServices.framework */ = {isa = PBXFileReference; lastKnownFileType = wrapper.framework; name = MobileCoreServices.framework; path = System/Library/Frameworks/MobileCoreServices.framework; sourceTree = SDKROOT; };
		B39899BD1AFBFAD500C6016F /* QuartzCore.framework */ = {isa = PBXFileReference; lastKnownFileType = wrapper.framework; name = QuartzCore.framework; path = System/Library/Frameworks/QuartzCore.framework; sourceTree = SDKROOT; };
		B39899BE1AFBFAD500C6016F /* Security.framework */ = {isa = PBXFileReference; lastKnownFileType = wrapper.framework; name = Security.framework; path = System/Library/Frameworks/Security.framework; sourceTree = SDKROOT; };
		B39899BF1AFBFAD500C6016F /* StoreKit.framework */ = {isa = PBXFileReference; lastKnownFileType = wrapper.framework; name = StoreKit.framework; path = System/Library/Frameworks/StoreKit.framework; sourceTree = SDKROOT; };
		B39899C01AFBFAD500C6016F /* SystemConfiguration.framework */ = {isa = PBXFileReference; lastKnownFileType = wrapper.framework; name = SystemConfiguration.framework; path = System/Library/Frameworks/SystemConfiguration.framework; sourceTree = SDKROOT; };
		B39899C61AFBFB4100C6016F /* Accounts.framework */ = {isa = PBXFileReference; lastKnownFileType = wrapper.framework; name = Accounts.framework; path = System/Library/Frameworks/Accounts.framework; sourceTree = SDKROOT; };
		B39899C81AFBFB5C00C6016F /* Social.framework */ = {isa = PBXFileReference; lastKnownFileType = wrapper.framework; name = Social.framework; path = System/Library/Frameworks/Social.framework; sourceTree = SDKROOT; };
		B39899CA1AFBFB8800C6016F /* libsqlite3.dylib */ = {isa = PBXFileReference; lastKnownFileType = "compiled.mach-o.dylib"; name = libsqlite3.dylib; path = usr/lib/libsqlite3.dylib; sourceTree = SDKROOT; };
		B3A4DAC81AFBD0760048A6FE /* iReserve.app */ = {isa = PBXFileReference; explicitFileType = wrapper.application; includeInIndex = 0; path = iReserve.app; sourceTree = BUILT_PRODUCTS_DIR; };
		B3A4DACC1AFBD0760048A6FE /* Info.plist */ = {isa = PBXFileReference; lastKnownFileType = text.plist.xml; path = Info.plist; sourceTree = "<group>"; };
		B3A4DACD1AFBD0760048A6FE /* AppDelegate.swift */ = {isa = PBXFileReference; lastKnownFileType = sourcecode.swift; path = AppDelegate.swift; sourceTree = "<group>"; };
		B3A4DACF1AFBD0760048A6FE /* ViewController.swift */ = {isa = PBXFileReference; lastKnownFileType = sourcecode.swift; path = ViewController.swift; sourceTree = "<group>"; };
		B3A4DAD41AFBD0760048A6FE /* Images.xcassets */ = {isa = PBXFileReference; lastKnownFileType = folder.assetcatalog; path = Images.xcassets; sourceTree = "<group>"; };
		B3A4DAD71AFBD0760048A6FE /* Base */ = {isa = PBXFileReference; lastKnownFileType = file.xib; name = Base; path = Base.lproj/LaunchScreen.xib; sourceTree = "<group>"; };
		B3A4DADD1AFBD0760048A6FE /* iReserveTests.xctest */ = {isa = PBXFileReference; explicitFileType = wrapper.cfbundle; includeInIndex = 0; path = iReserveTests.xctest; sourceTree = BUILT_PRODUCTS_DIR; };
		B3A4DAE21AFBD0760048A6FE /* Info.plist */ = {isa = PBXFileReference; lastKnownFileType = text.plist.xml; path = Info.plist; sourceTree = "<group>"; };
		B3A4DAE31AFBD0760048A6FE /* iReserveTests.swift */ = {isa = PBXFileReference; lastKnownFileType = sourcecode.swift; path = iReserveTests.swift; sourceTree = "<group>"; };
		B3E780321B0295C3001495BE /* Main.storyboard */ = {isa = PBXFileReference; fileEncoding = 4; lastKnownFileType = file.storyboard; path = Main.storyboard; sourceTree = "<group>"; };
		C274C56C1B0D3D560088219A /* iReserve WatchKit Extension.appex */ = {isa = PBXFileReference; explicitFileType = "wrapper.app-extension"; includeInIndex = 0; path = "iReserve WatchKit Extension.appex"; sourceTree = BUILT_PRODUCTS_DIR; };
		C274C56F1B0D3D560088219A /* Info.plist */ = {isa = PBXFileReference; lastKnownFileType = text.plist.xml; path = Info.plist; sourceTree = "<group>"; };
		C274C5701B0D3D560088219A /* PushNotificationPayload.apns */ = {isa = PBXFileReference; lastKnownFileType = text; path = PushNotificationPayload.apns; sourceTree = "<group>"; };
		C274C5711B0D3D560088219A /* InterfaceController.swift */ = {isa = PBXFileReference; lastKnownFileType = sourcecode.swift; path = InterfaceController.swift; sourceTree = "<group>"; };
		C274C5731B0D3D560088219A /* NotificationController.swift */ = {isa = PBXFileReference; lastKnownFileType = sourcecode.swift; path = NotificationController.swift; sourceTree = "<group>"; };
		C274C5751B0D3D560088219A /* GlanceController.swift */ = {isa = PBXFileReference; lastKnownFileType = sourcecode.swift; path = GlanceController.swift; sourceTree = "<group>"; };
		C274C5771B0D3D560088219A /* Images.xcassets */ = {isa = PBXFileReference; lastKnownFileType = folder.assetcatalog; path = Images.xcassets; sourceTree = "<group>"; };
		C274C57B1B0D3D560088219A /* iReserve WatchKit App.app */ = {isa = PBXFileReference; explicitFileType = wrapper.application; includeInIndex = 0; path = "iReserve WatchKit App.app"; sourceTree = BUILT_PRODUCTS_DIR; };
		C274C5811B0D3D560088219A /* Info.plist */ = {isa = PBXFileReference; lastKnownFileType = text.plist.xml; path = Info.plist; sourceTree = "<group>"; };
		C274C5831B0D3D560088219A /* Base */ = {isa = PBXFileReference; lastKnownFileType = file.storyboard; name = Base; path = Base.lproj/Interface.storyboard; sourceTree = "<group>"; };
		C274C5851B0D3D560088219A /* Images.xcassets */ = {isa = PBXFileReference; lastKnownFileType = folder.assetcatalog; path = Images.xcassets; sourceTree = "<group>"; };
		C274C5EF1B12483C0088219A /* ReservaRowViewController.swift */ = {isa = PBXFileReference; fileEncoding = 4; lastKnownFileType = sourcecode.swift; path = ReservaRowViewController.swift; sourceTree = "<group>"; };
		C29C78571AFFC858006E0CE5 /* ProductViewCell.swift */ = {isa = PBXFileReference; fileEncoding = 4; lastKnownFileType = sourcecode.swift; path = ProductViewCell.swift; sourceTree = "<group>"; };
/* End PBXFileReference section */

/* Begin PBXFrameworksBuildPhase section */
		B3A4DAC51AFBD0760048A6FE /* Frameworks */ = {
			isa = PBXFrameworksBuildPhase;
			buildActionMask = 2147483647;
			files = (
				B39899C41AFBFAD500C6016F /* StoreKit.framework in Frameworks */,
				B39899CB1AFBFB8800C6016F /* libsqlite3.dylib in Frameworks */,
				B39899C91AFBFB5C00C6016F /* Social.framework in Frameworks */,
				B340D8D51AFC658800B6C486 /* ParseUI.framework in Frameworks */,
				B39899C71AFBFB4100C6016F /* Accounts.framework in Frameworks */,
				B39899C11AFBFAD500C6016F /* MobileCoreServices.framework in Frameworks */,
				B39899C21AFBFAD500C6016F /* QuartzCore.framework in Frameworks */,
				B39899C31AFBFAD500C6016F /* Security.framework in Frameworks */,
				B39899C51AFBFAD500C6016F /* SystemConfiguration.framework in Frameworks */,
				B39899B71AFBFAA800C6016F /* AudioToolbox.framework in Frameworks */,
				B340D8D61AFC658800B6C486 /* Parse.framework in Frameworks */,
				B39899B81AFBFAA800C6016F /* CFNetwork.framework in Frameworks */,
				B39899B91AFBFAA800C6016F /* CoreGraphics.framework in Frameworks */,
				B39899BA1AFBFAA800C6016F /* CoreLocation.framework in Frameworks */,
				B39899BB1AFBFAA800C6016F /* libz.dylib in Frameworks */,
				B39899AD1AFBF21D00C6016F /* ParseCrashReporting.framework in Frameworks */,
				B340D8D21AFC656E00B6C486 /* Bolts.framework in Frameworks */,
				B39899AF1AFBF21D00C6016F /* ParseFacebookUtilsV4.framework in Frameworks */,
				B39899AE1AFBF21D00C6016F /* ParseFacebookUtils.framework in Frameworks */,
			);
			runOnlyForDeploymentPostprocessing = 0;
		};
		B3A4DADA1AFBD0760048A6FE /* Frameworks */ = {
			isa = PBXFrameworksBuildPhase;
			buildActionMask = 2147483647;
			files = (
			);
			runOnlyForDeploymentPostprocessing = 0;
		};
		C274C5691B0D3D560088219A /* Frameworks */ = {
			isa = PBXFrameworksBuildPhase;
			buildActionMask = 2147483647;
			files = (
			);
			runOnlyForDeploymentPostprocessing = 0;
		};
/* End PBXFrameworksBuildPhase section */

/* Begin PBXGroup section */
		B39899A51AFBF1F900C6016F /* Frameworks */ = {
			isa = PBXGroup;
			children = (
				B39899CA1AFBFB8800C6016F /* libsqlite3.dylib */,
				B39899C81AFBFB5C00C6016F /* Social.framework */,
				B39899C61AFBFB4100C6016F /* Accounts.framework */,
				B39899BC1AFBFAD500C6016F /* MobileCoreServices.framework */,
				B39899BD1AFBFAD500C6016F /* QuartzCore.framework */,
				B39899BE1AFBFAD500C6016F /* Security.framework */,
				B39899BF1AFBFAD500C6016F /* StoreKit.framework */,
				B39899C01AFBFAD500C6016F /* SystemConfiguration.framework */,
				B39899B21AFBFAA800C6016F /* AudioToolbox.framework */,
				B39899B31AFBFAA800C6016F /* CFNetwork.framework */,
				B39899B41AFBFAA800C6016F /* CoreGraphics.framework */,
				B39899B51AFBFAA800C6016F /* CoreLocation.framework */,
				B39899B61AFBFAA800C6016F /* libz.dylib */,
				B39899A71AFBF21D00C6016F /* ParseCrashReporting.framework */,
				B39899A81AFBF21D00C6016F /* ParseFacebookUtils.framework */,
				B39899A91AFBF21D00C6016F /* ParseFacebookUtilsV4.framework */,
				B340D8D11AFC656E00B6C486 /* Bolts.framework */,
				B340D8D31AFC658800B6C486 /* ParseUI.framework */,
				B340D8D41AFC658800B6C486 /* Parse.framework */,
			);
			name = Frameworks;
			sourceTree = "<group>";
		};
		B3A4DABF1AFBD0760048A6FE = {
			isa = PBXGroup;
			children = (
				B3A4DACA1AFBD0760048A6FE /* iReserve */,
				B3A4DAE01AFBD0760048A6FE /* iReserveTests */,
				C274C56D1B0D3D560088219A /* iReserve WatchKit Extension */,
				C274C57F1B0D3D560088219A /* iReserve WatchKit App */,
				B3A4DAC91AFBD0760048A6FE /* Products */,
				B39899A51AFBF1F900C6016F /* Frameworks */,
			);
			sourceTree = "<group>";
		};
		B3A4DAC91AFBD0760048A6FE /* Products */ = {
			isa = PBXGroup;
			children = (
				B3A4DAC81AFBD0760048A6FE /* iReserve.app */,
				B3A4DADD1AFBD0760048A6FE /* iReserveTests.xctest */,
				C274C56C1B0D3D560088219A /* iReserve WatchKit Extension.appex */,
				C274C57B1B0D3D560088219A /* iReserve WatchKit App.app */,
			);
			name = Products;
			sourceTree = "<group>";
		};
		B3A4DACA1AFBD0760048A6FE /* iReserve */ = {
			isa = PBXGroup;
			children = (
				C2B4B4301AFBF71000D5E7AC /* Delegate */,
				C2B4B4311AFBF71D00D5E7AC /* Controller */,
				C2B4B4321AFBF72D00D5E7AC /* View */,
				C2B4B4331AFBF74500D5E7AC /* Assets */,
				B3A4DACB1AFBD0760048A6FE /* Supporting Files */,
			);
			path = iReserve;
			sourceTree = "<group>";
		};
		B3A4DACB1AFBD0760048A6FE /* Supporting Files */ = {
			isa = PBXGroup;
			children = (
				B3A4DACC1AFBD0760048A6FE /* Info.plist */,
			);
			name = "Supporting Files";
			sourceTree = "<group>";
		};
		B3A4DAE01AFBD0760048A6FE /* iReserveTests */ = {
			isa = PBXGroup;
			children = (
				B3A4DAE31AFBD0760048A6FE /* iReserveTests.swift */,
				B3A4DAE11AFBD0760048A6FE /* Supporting Files */,
			);
			path = iReserveTests;
			sourceTree = "<group>";
		};
		B3A4DAE11AFBD0760048A6FE /* Supporting Files */ = {
			isa = PBXGroup;
			children = (
				B3A4DAE21AFBD0760048A6FE /* Info.plist */,
			);
			name = "Supporting Files";
			sourceTree = "<group>";
		};
		C274C56D1B0D3D560088219A /* iReserve WatchKit Extension */ = {
			isa = PBXGroup;
			children = (
				C274C5711B0D3D560088219A /* InterfaceController.swift */,
				C274C5731B0D3D560088219A /* NotificationController.swift */,
				C274C5751B0D3D560088219A /* GlanceController.swift */,
				C274C5EF1B12483C0088219A /* ReservaRowViewController.swift */,
				C274C5771B0D3D560088219A /* Images.xcassets */,
				C274C56E1B0D3D560088219A /* Supporting Files */,
			);
			path = "iReserve WatchKit Extension";
			sourceTree = "<group>";
		};
		C274C56E1B0D3D560088219A /* Supporting Files */ = {
			isa = PBXGroup;
			children = (
				C274C56F1B0D3D560088219A /* Info.plist */,
				C274C5701B0D3D560088219A /* PushNotificationPayload.apns */,
			);
			name = "Supporting Files";
			sourceTree = "<group>";
		};
		C274C57F1B0D3D560088219A /* iReserve WatchKit App */ = {
			isa = PBXGroup;
			children = (
				C274C5821B0D3D560088219A /* Interface.storyboard */,
				C274C5851B0D3D560088219A /* Images.xcassets */,
				C274C5801B0D3D560088219A /* Supporting Files */,
			);
			path = "iReserve WatchKit App";
			sourceTree = "<group>";
		};
		C274C5801B0D3D560088219A /* Supporting Files */ = {
			isa = PBXGroup;
			children = (
				C274C5811B0D3D560088219A /* Info.plist */,
			);
			name = "Supporting Files";
			sourceTree = "<group>";
		};
		C2B4B4301AFBF71000D5E7AC /* Delegate */ = {
			isa = PBXGroup;
			children = (
				B3A4DACD1AFBD0760048A6FE /* AppDelegate.swift */,
			);
			name = Delegate;
			sourceTree = "<group>";
		};
		C2B4B4311AFBF71D00D5E7AC /* Controller */ = {
			isa = PBXGroup;
			children = (
				7849640C1AFD407000766ABD /* ConfigViewController.swift */,
				7849640A1AFD3E5E00766ABD /* CreateUserViewController.swift */,
				B3A4DACF1AFBD0760048A6FE /* ViewController.swift */,
				78CAB3111AFBE47200977AA5 /* MapViewController.swift */,
				78A6E9CE1AFD256C00C2EF4A /* ProductTableViewController.swift */,
				C29C78571AFFC858006E0CE5 /* ProductViewCell.swift */,
			);
			name = Controller;
			sourceTree = "<group>";
		};
		C2B4B4321AFBF72D00D5E7AC /* View */ = {
			isa = PBXGroup;
			children = (
				B3E780321B0295C3001495BE /* Main.storyboard */,
				B3A4DAD61AFBD0760048A6FE /* LaunchScreen.xib */,
			);
			name = View;
			sourceTree = "<group>";
		};
		C2B4B4331AFBF74500D5E7AC /* Assets */ = {
			isa = PBXGroup;
			children = (
				B3A4DAD41AFBD0760048A6FE /* Images.xcassets */,
			);
			name = Assets;
			sourceTree = "<group>";
		};
/* End PBXGroup section */

/* Begin PBXNativeTarget section */
		B3A4DAC71AFBD0760048A6FE /* iReserve */ = {
			isa = PBXNativeTarget;
			buildConfigurationList = B3A4DAE71AFBD0760048A6FE /* Build configuration list for PBXNativeTarget "iReserve" */;
			buildPhases = (
				B3A4DAC41AFBD0760048A6FE /* Sources */,
				B3A4DAC51AFBD0760048A6FE /* Frameworks */,
				B3A4DAC61AFBD0760048A6FE /* Resources */,
				C274C5901B0D3D570088219A /* Embed App Extensions */,
			);
			buildRules = (
			);
			dependencies = (
				C274C5881B0D3D560088219A /* PBXTargetDependency */,
			);
			name = iReserve;
			productName = iReserve;
			productReference = B3A4DAC81AFBD0760048A6FE /* iReserve.app */;
			productType = "com.apple.product-type.application";
		};
		B3A4DADC1AFBD0760048A6FE /* iReserveTests */ = {
			isa = PBXNativeTarget;
			buildConfigurationList = B3A4DAEA1AFBD0760048A6FE /* Build configuration list for PBXNativeTarget "iReserveTests" */;
			buildPhases = (
				B3A4DAD91AFBD0760048A6FE /* Sources */,
				B3A4DADA1AFBD0760048A6FE /* Frameworks */,
				B3A4DADB1AFBD0760048A6FE /* Resources */,
			);
			buildRules = (
			);
			dependencies = (
				B3A4DADF1AFBD0760048A6FE /* PBXTargetDependency */,
			);
			name = iReserveTests;
			productName = iReserveTests;
			productReference = B3A4DADD1AFBD0760048A6FE /* iReserveTests.xctest */;
			productType = "com.apple.product-type.bundle.unit-test";
		};
		C274C56B1B0D3D560088219A /* iReserve WatchKit Extension */ = {
			isa = PBXNativeTarget;
			buildConfigurationList = C274C58F1B0D3D570088219A /* Build configuration list for PBXNativeTarget "iReserve WatchKit Extension" */;
			buildPhases = (
				C274C5681B0D3D560088219A /* Sources */,
				C274C5691B0D3D560088219A /* Frameworks */,
				C274C56A1B0D3D560088219A /* Resources */,
			);
			buildRules = (
			);
			dependencies = (
				C274C57E1B0D3D560088219A /* PBXTargetDependency */,
			);
			name = "iReserve WatchKit Extension";
			productName = "iReserve WatchKit Extension";
			productReference = C274C56C1B0D3D560088219A /* iReserve WatchKit Extension.appex */;
			productType = "com.apple.product-type.watchkit-extension";
		};
		C274C57A1B0D3D560088219A /* iReserve WatchKit App */ = {
			isa = PBXNativeTarget;
			buildConfigurationList = C274C58E1B0D3D570088219A /* Build configuration list for PBXNativeTarget "iReserve WatchKit App" */;
			buildPhases = (
				C274C5791B0D3D560088219A /* Resources */,
			);
			buildRules = (
			);
			dependencies = (
			);
			name = "iReserve WatchKit App";
			productName = "iReserve WatchKit App";
			productReference = C274C57B1B0D3D560088219A /* iReserve WatchKit App.app */;
			productType = "com.apple.product-type.application.watchapp";
		};
/* End PBXNativeTarget section */

/* Begin PBXProject section */
		B3A4DAC01AFBD0760048A6FE /* Project object */ = {
			isa = PBXProject;
			attributes = {
				LastUpgradeCheck = 0630;
				ORGANIZATIONNAME = "Felipe Silva ";
				TargetAttributes = {
					B3A4DAC71AFBD0760048A6FE = {
						CreatedOnToolsVersion = 6.3.1;
						DevelopmentTeam = KVJ6XW4659;
					};
					B3A4DADC1AFBD0760048A6FE = {
						CreatedOnToolsVersion = 6.3.1;
						DevelopmentTeam = KVJ6XW4659;
						TestTargetID = B3A4DAC71AFBD0760048A6FE;
					};
					C274C56B1B0D3D560088219A = {
						CreatedOnToolsVersion = 6.3.1;
						DevelopmentTeam = KVJ6XW4659;
					};
					C274C57A1B0D3D560088219A = {
						CreatedOnToolsVersion = 6.3.1;
					};
				};
			};
			buildConfigurationList = B3A4DAC31AFBD0760048A6FE /* Build configuration list for PBXProject "iReserve" */;
			compatibilityVersion = "Xcode 3.2";
			developmentRegion = English;
			hasScannedForEncodings = 0;
			knownRegions = (
				en,
				Base,
			);
			mainGroup = B3A4DABF1AFBD0760048A6FE;
			productRefGroup = B3A4DAC91AFBD0760048A6FE /* Products */;
			projectDirPath = "";
			projectRoot = "";
			targets = (
				B3A4DAC71AFBD0760048A6FE /* iReserve */,
				B3A4DADC1AFBD0760048A6FE /* iReserveTests */,
				C274C56B1B0D3D560088219A /* iReserve WatchKit Extension */,
				C274C57A1B0D3D560088219A /* iReserve WatchKit App */,
			);
		};
/* End PBXProject section */

/* Begin PBXResourcesBuildPhase section */
		B3A4DAC61AFBD0760048A6FE /* Resources */ = {
			isa = PBXResourcesBuildPhase;
			buildActionMask = 2147483647;
			files = (
				B3A4DAD81AFBD0760048A6FE /* LaunchScreen.xib in Resources */,
				B3A4DAD51AFBD0760048A6FE /* Images.xcassets in Resources */,
				B3E780331B0295C3001495BE /* Main.storyboard in Resources */,
			);
			runOnlyForDeploymentPostprocessing = 0;
		};
		B3A4DADB1AFBD0760048A6FE /* Resources */ = {
			isa = PBXResourcesBuildPhase;
			buildActionMask = 2147483647;
			files = (
			);
			runOnlyForDeploymentPostprocessing = 0;
		};
		C274C56A1B0D3D560088219A /* Resources */ = {
			isa = PBXResourcesBuildPhase;
			buildActionMask = 2147483647;
			files = (
				C274C5781B0D3D560088219A /* Images.xcassets in Resources */,
				C274C57C1B0D3D560088219A /* iReserve WatchKit App.app in Resources */,
			);
			runOnlyForDeploymentPostprocessing = 0;
		};
		C274C5791B0D3D560088219A /* Resources */ = {
			isa = PBXResourcesBuildPhase;
			buildActionMask = 2147483647;
			files = (
				C274C5841B0D3D560088219A /* Interface.storyboard in Resources */,
				C274C5861B0D3D560088219A /* Images.xcassets in Resources */,
			);
			runOnlyForDeploymentPostprocessing = 0;
		};
/* End PBXResourcesBuildPhase section */

/* Begin PBXSourcesBuildPhase section */
		B3A4DAC41AFBD0760048A6FE /* Sources */ = {
			isa = PBXSourcesBuildPhase;
			buildActionMask = 2147483647;
			files = (
				C274C5F11B12494B0088219A /* ReservaRowViewController.swift in Sources */,
				C29C78581AFFC858006E0CE5 /* ProductViewCell.swift in Sources */,
				B3A4DAD01AFBD0760048A6FE /* ViewController.swift in Sources */,
				7849640B1AFD3E5E00766ABD /* CreateUserViewController.swift in Sources */,
				7849640D1AFD407000766ABD /* ConfigViewController.swift in Sources */,
				78CAB3121AFBE47200977AA5 /* MapViewController.swift in Sources */,
				78A6E9CF1AFD256C00C2EF4A /* ProductTableViewController.swift in Sources */,
				B3A4DACE1AFBD0760048A6FE /* AppDelegate.swift in Sources */,
			);
			runOnlyForDeploymentPostprocessing = 0;
		};
		B3A4DAD91AFBD0760048A6FE /* Sources */ = {
			isa = PBXSourcesBuildPhase;
			buildActionMask = 2147483647;
			files = (
				B3A4DAE41AFBD0760048A6FE /* iReserveTests.swift in Sources */,
			);
			runOnlyForDeploymentPostprocessing = 0;
		};
		C274C5681B0D3D560088219A /* Sources */ = {
			isa = PBXSourcesBuildPhase;
			buildActionMask = 2147483647;
			files = (
				C274C5741B0D3D560088219A /* NotificationController.swift in Sources */,
				C274C5F01B12483C0088219A /* ReservaRowViewController.swift in Sources */,
				C274C5721B0D3D560088219A /* InterfaceController.swift in Sources */,
				C274C5761B0D3D560088219A /* GlanceController.swift in Sources */,
			);
			runOnlyForDeploymentPostprocessing = 0;
		};
/* End PBXSourcesBuildPhase section */

/* Begin PBXTargetDependency section */
		B3A4DADF1AFBD0760048A6FE /* PBXTargetDependency */ = {
			isa = PBXTargetDependency;
			target = B3A4DAC71AFBD0760048A6FE /* iReserve */;
			targetProxy = B3A4DADE1AFBD0760048A6FE /* PBXContainerItemProxy */;
		};
		C274C57E1B0D3D560088219A /* PBXTargetDependency */ = {
			isa = PBXTargetDependency;
			target = C274C57A1B0D3D560088219A /* iReserve WatchKit App */;
			targetProxy = C274C57D1B0D3D560088219A /* PBXContainerItemProxy */;
		};
		C274C5881B0D3D560088219A /* PBXTargetDependency */ = {
			isa = PBXTargetDependency;
			target = C274C56B1B0D3D560088219A /* iReserve WatchKit Extension */;
			targetProxy = C274C5871B0D3D560088219A /* PBXContainerItemProxy */;
		};
/* End PBXTargetDependency section */

/* Begin PBXVariantGroup section */
		B3A4DAD61AFBD0760048A6FE /* LaunchScreen.xib */ = {
			isa = PBXVariantGroup;
			children = (
				B3A4DAD71AFBD0760048A6FE /* Base */,
			);
			name = LaunchScreen.xib;
			sourceTree = "<group>";
		};
		C274C5821B0D3D560088219A /* Interface.storyboard */ = {
			isa = PBXVariantGroup;
			children = (
				C274C5831B0D3D560088219A /* Base */,
			);
			name = Interface.storyboard;
			sourceTree = "<group>";
		};
/* End PBXVariantGroup section */

/* Begin XCBuildConfiguration section */
		B3A4DAE51AFBD0760048A6FE /* Debug */ = {
			isa = XCBuildConfiguration;
			buildSettings = {
				ALWAYS_SEARCH_USER_PATHS = NO;
				CLANG_CXX_LANGUAGE_STANDARD = "gnu++0x";
				CLANG_CXX_LIBRARY = "libc++";
				CLANG_ENABLE_MODULES = YES;
				CLANG_ENABLE_OBJC_ARC = YES;
				CLANG_WARN_BOOL_CONVERSION = YES;
				CLANG_WARN_CONSTANT_CONVERSION = YES;
				CLANG_WARN_DIRECT_OBJC_ISA_USAGE = YES_ERROR;
				CLANG_WARN_EMPTY_BODY = YES;
				CLANG_WARN_ENUM_CONVERSION = YES;
				CLANG_WARN_INT_CONVERSION = YES;
				CLANG_WARN_OBJC_ROOT_CLASS = YES_ERROR;
				CLANG_WARN_UNREACHABLE_CODE = YES;
				CLANG_WARN__DUPLICATE_METHOD_MATCH = YES;
				CODE_SIGN_IDENTITY = "iPhone Developer: Felipe Silva (L937M89787)";
				"CODE_SIGN_IDENTITY[sdk=iphoneos*]" = "iPhone Developer: Felipe Silva (L937M89787)";
				COPY_PHASE_STRIP = NO;
				DEBUG_INFORMATION_FORMAT = "dwarf-with-dsym";
				ENABLE_STRICT_OBJC_MSGSEND = YES;
				GCC_C_LANGUAGE_STANDARD = gnu99;
				GCC_DYNAMIC_NO_PIC = NO;
				GCC_NO_COMMON_BLOCKS = YES;
				GCC_OPTIMIZATION_LEVEL = 0;
				GCC_PREPROCESSOR_DEFINITIONS = (
					"DEBUG=1",
					"$(inherited)",
				);
				GCC_SYMBOLS_PRIVATE_EXTERN = NO;
				GCC_WARN_64_TO_32_BIT_CONVERSION = YES;
				GCC_WARN_ABOUT_RETURN_TYPE = YES_ERROR;
				GCC_WARN_UNDECLARED_SELECTOR = YES;
				GCC_WARN_UNINITIALIZED_AUTOS = YES_AGGRESSIVE;
				GCC_WARN_UNUSED_FUNCTION = YES;
				GCC_WARN_UNUSED_VARIABLE = YES;
				IPHONEOS_DEPLOYMENT_TARGET = 8.3;
				MTL_ENABLE_DEBUG_INFO = YES;
				ONLY_ACTIVE_ARCH = YES;
				SDKROOT = iphoneos;
				SWIFT_OPTIMIZATION_LEVEL = "-Onone";
				TARGETED_DEVICE_FAMILY = "1,2";
			};
			name = Debug;
		};
		B3A4DAE61AFBD0760048A6FE /* Release */ = {
			isa = XCBuildConfiguration;
			buildSettings = {
				ALWAYS_SEARCH_USER_PATHS = NO;
				CLANG_CXX_LANGUAGE_STANDARD = "gnu++0x";
				CLANG_CXX_LIBRARY = "libc++";
				CLANG_ENABLE_MODULES = YES;
				CLANG_ENABLE_OBJC_ARC = YES;
				CLANG_WARN_BOOL_CONVERSION = YES;
				CLANG_WARN_CONSTANT_CONVERSION = YES;
				CLANG_WARN_DIRECT_OBJC_ISA_USAGE = YES_ERROR;
				CLANG_WARN_EMPTY_BODY = YES;
				CLANG_WARN_ENUM_CONVERSION = YES;
				CLANG_WARN_INT_CONVERSION = YES;
				CLANG_WARN_OBJC_ROOT_CLASS = YES_ERROR;
				CLANG_WARN_UNREACHABLE_CODE = YES;
				CLANG_WARN__DUPLICATE_METHOD_MATCH = YES;
				CODE_SIGN_IDENTITY = "iPhone Developer: Felipe Silva (L937M89787)";
				"CODE_SIGN_IDENTITY[sdk=iphoneos*]" = "iPhone Developer: Felipe Silva (L937M89787)";
				COPY_PHASE_STRIP = NO;
				DEBUG_INFORMATION_FORMAT = "dwarf-with-dsym";
				ENABLE_NS_ASSERTIONS = NO;
				ENABLE_STRICT_OBJC_MSGSEND = YES;
				GCC_C_LANGUAGE_STANDARD = gnu99;
				GCC_NO_COMMON_BLOCKS = YES;
				GCC_WARN_64_TO_32_BIT_CONVERSION = YES;
				GCC_WARN_ABOUT_RETURN_TYPE = YES_ERROR;
				GCC_WARN_UNDECLARED_SELECTOR = YES;
				GCC_WARN_UNINITIALIZED_AUTOS = YES_AGGRESSIVE;
				GCC_WARN_UNUSED_FUNCTION = YES;
				GCC_WARN_UNUSED_VARIABLE = YES;
				IPHONEOS_DEPLOYMENT_TARGET = 8.3;
				MTL_ENABLE_DEBUG_INFO = NO;
				SDKROOT = iphoneos;
				TARGETED_DEVICE_FAMILY = "1,2";
				VALIDATE_PRODUCT = YES;
			};
			name = Release;
		};
		B3A4DAE81AFBD0760048A6FE /* Debug */ = {
			isa = XCBuildConfiguration;
			buildSettings = {
				ASSETCATALOG_COMPILER_APPICON_NAME = AppIcon;
				CODE_SIGN_IDENTITY = "iPhone Developer";
				"CODE_SIGN_IDENTITY[sdk=iphoneos*]" = "iPhone Developer: Felipe Silva (L937M89787)";
				FRAMEWORK_SEARCH_PATHS = (
					"$(inherited)",
					"$(PROJECT_DIR)",
				);
				INFOPLIST_FILE = iReserve/Info.plist;
				IPHONEOS_DEPLOYMENT_TARGET = 8.3;
				LD_RUNPATH_SEARCH_PATHS = "$(inherited) @executable_path/Frameworks";
				PRODUCT_NAME = "$(TARGET_NAME)";
				PROVISIONING_PROFILE = "b0f85a49-83a6-49a4-b8cb-d238b48a03d8";
				TARGETED_DEVICE_FAMILY = "1,2";
			};
			name = Debug;
		};
		B3A4DAE91AFBD0760048A6FE /* Release */ = {
			isa = XCBuildConfiguration;
			buildSettings = {
				ASSETCATALOG_COMPILER_APPICON_NAME = AppIcon;
				CODE_SIGN_IDENTITY = "iPhone Developer";
				"CODE_SIGN_IDENTITY[sdk=iphoneos*]" = "iPhone Developer: Felipe Silva (L937M89787)";
				FRAMEWORK_SEARCH_PATHS = (
					"$(inherited)",
					"$(PROJECT_DIR)",
				);
				INFOPLIST_FILE = iReserve/Info.plist;
				IPHONEOS_DEPLOYMENT_TARGET = 8.3;
				LD_RUNPATH_SEARCH_PATHS = "$(inherited) @executable_path/Frameworks";
				PRODUCT_NAME = "$(TARGET_NAME)";
				PROVISIONING_PROFILE = "b0f85a49-83a6-49a4-b8cb-d238b48a03d8";
				TARGETED_DEVICE_FAMILY = "1,2";
			};
			name = Release;
		};
		B3A4DAEB1AFBD0760048A6FE /* Debug */ = {
			isa = XCBuildConfiguration;
			buildSettings = {
				BUNDLE_LOADER = "$(TEST_HOST)";
				CODE_SIGN_IDENTITY = "iPhone Developer: Felipe Silva (L937M89787)";
				"CODE_SIGN_IDENTITY[sdk=iphoneos*]" = "iPhone Developer: Felipe Silva (L937M89787)";
				FRAMEWORK_SEARCH_PATHS = (
					"$(SDKROOT)/Developer/Library/Frameworks",
					"$(inherited)",
				);
				GCC_PREPROCESSOR_DEFINITIONS = (
					"DEBUG=1",
					"$(inherited)",
				);
				INFOPLIST_FILE = iReserveTests/Info.plist;
				LD_RUNPATH_SEARCH_PATHS = "$(inherited) @executable_path/Frameworks @loader_path/Frameworks";
				PRODUCT_NAME = "$(TARGET_NAME)";
				PROVISIONING_PROFILE = "b0f85a49-83a6-49a4-b8cb-d238b48a03d8";
				TEST_HOST = "$(BUILT_PRODUCTS_DIR)/iReserve.app/iReserve";
			};
			name = Debug;
		};
		B3A4DAEC1AFBD0760048A6FE /* Release */ = {
			isa = XCBuildConfiguration;
			buildSettings = {
				BUNDLE_LOADER = "$(TEST_HOST)";
				CODE_SIGN_IDENTITY = "iPhone Developer: Felipe Silva (L937M89787)";
				"CODE_SIGN_IDENTITY[sdk=iphoneos*]" = "iPhone Developer: Felipe Silva (L937M89787)";
				FRAMEWORK_SEARCH_PATHS = (
					"$(SDKROOT)/Developer/Library/Frameworks",
					"$(inherited)",
				);
				INFOPLIST_FILE = iReserveTests/Info.plist;
				LD_RUNPATH_SEARCH_PATHS = "$(inherited) @executable_path/Frameworks @loader_path/Frameworks";
				PRODUCT_NAME = "$(TARGET_NAME)";
				PROVISIONING_PROFILE = "b0f85a49-83a6-49a4-b8cb-d238b48a03d8";
				TEST_HOST = "$(BUILT_PRODUCTS_DIR)/iReserve.app/iReserve";
			};
			name = Release;
		};
		C274C58A1B0D3D570088219A /* Debug */ = {
			isa = XCBuildConfiguration;
			buildSettings = {
				CODE_SIGN_IDENTITY = "iPhone Developer: Felipe Silva (L937M89787)";
				"CODE_SIGN_IDENTITY[sdk=iphoneos*]" = "iPhone Developer: Felipe Silva (L937M89787)";
				GCC_PREPROCESSOR_DEFINITIONS = (
					"DEBUG=1",
					"$(inherited)",
				);
				INFOPLIST_FILE = "iReserve WatchKit Extension/Info.plist";
				LD_RUNPATH_SEARCH_PATHS = "$(inherited) @executable_path/Frameworks @executable_path/../../Frameworks";
				PRODUCT_NAME = "${TARGET_NAME}";
				SDKROOT = iphoneos;
				SKIP_INSTALL = YES;
			};
			name = Debug;
		};
		C274C58B1B0D3D570088219A /* Release */ = {
			isa = XCBuildConfiguration;
			buildSettings = {
				CODE_SIGN_IDENTITY = "iPhone Developer: Felipe Silva (L937M89787)";
				"CODE_SIGN_IDENTITY[sdk=iphoneos*]" = "iPhone Developer: Felipe Silva (L937M89787)";
				INFOPLIST_FILE = "iReserve WatchKit Extension/Info.plist";
				LD_RUNPATH_SEARCH_PATHS = "$(inherited) @executable_path/Frameworks @executable_path/../../Frameworks";
				PRODUCT_NAME = "${TARGET_NAME}";
				SDKROOT = iphoneos;
				SKIP_INSTALL = YES;
			};
			name = Release;
		};
		C274C58C1B0D3D570088219A /* Debug */ = {
			isa = XCBuildConfiguration;
			buildSettings = {
				ASSETCATALOG_COMPILER_APPICON_NAME = AppIcon;
				GCC_PREPROCESSOR_DEFINITIONS = (
					"DEBUG=1",
					"$(inherited)",
				);
				IBSC_MODULE = iReserve_WatchKit_Extension;
				INFOPLIST_FILE = "iReserve WatchKit App/Info.plist";
				IPHONEOS_DEPLOYMENT_TARGET = 8.2;
				PRODUCT_NAME = "$(TARGET_NAME)";
				SKIP_INSTALL = YES;
				TARGETED_DEVICE_FAMILY = 4;
				"TARGETED_DEVICE_FAMILY[sdk=iphonesimulator*]" = "1,4";
			};
			name = Debug;
		};
		C274C58D1B0D3D570088219A /* Release */ = {
			isa = XCBuildConfiguration;
			buildSettings = {
				ASSETCATALOG_COMPILER_APPICON_NAME = AppIcon;
				IBSC_MODULE = iReserve_WatchKit_Extension;
				INFOPLIST_FILE = "iReserve WatchKit App/Info.plist";
				IPHONEOS_DEPLOYMENT_TARGET = 8.2;
				PRODUCT_NAME = "$(TARGET_NAME)";
				SKIP_INSTALL = YES;
				TARGETED_DEVICE_FAMILY = 4;
				"TARGETED_DEVICE_FAMILY[sdk=iphonesimulator*]" = "1,4";
			};
			name = Release;
		};
/* End XCBuildConfiguration section */

/* Begin XCConfigurationList section */
		B3A4DAC31AFBD0760048A6FE /* Build configuration list for PBXProject "iReserve" */ = {
			isa = XCConfigurationList;
			buildConfigurations = (
				B3A4DAE51AFBD0760048A6FE /* Debug */,
				B3A4DAE61AFBD0760048A6FE /* Release */,
			);
			defaultConfigurationIsVisible = 0;
			defaultConfigurationName = Release;
		};
		B3A4DAE71AFBD0760048A6FE /* Build configuration list for PBXNativeTarget "iReserve" */ = {
			isa = XCConfigurationList;
			buildConfigurations = (
				B3A4DAE81AFBD0760048A6FE /* Debug */,
				B3A4DAE91AFBD0760048A6FE /* Release */,
			);
			defaultConfigurationIsVisible = 0;
			defaultConfigurationName = Release;
		};
		B3A4DAEA1AFBD0760048A6FE /* Build configuration list for PBXNativeTarget "iReserveTests" */ = {
			isa = XCConfigurationList;
			buildConfigurations = (
				B3A4DAEB1AFBD0760048A6FE /* Debug */,
				B3A4DAEC1AFBD0760048A6FE /* Release */,
			);
			defaultConfigurationIsVisible = 0;
			defaultConfigurationName = Release;
		};
		C274C58E1B0D3D570088219A /* Build configuration list for PBXNativeTarget "iReserve WatchKit App" */ = {
			isa = XCConfigurationList;
			buildConfigurations = (
				C274C58C1B0D3D570088219A /* Debug */,
				C274C58D1B0D3D570088219A /* Release */,
			);
			defaultConfigurationIsVisible = 0;
			defaultConfigurationName = Release;
		};
		C274C58F1B0D3D570088219A /* Build configuration list for PBXNativeTarget "iReserve WatchKit Extension" */ = {
			isa = XCConfigurationList;
			buildConfigurations = (
				C274C58A1B0D3D570088219A /* Debug */,
				C274C58B1B0D3D570088219A /* Release */,
			);
			defaultConfigurationIsVisible = 0;
			defaultConfigurationName = Release;
		};
/* End XCConfigurationList section */
	};
	rootObject = B3A4DAC01AFBD0760048A6FE /* Project object */;
}
